
Microsoft Visual Studio Solution File, Format Version 12.00
# Visual Studio Version 17
VisualStudioVersion = 17.0.32014.148
MinimumVisualStudioVersion = 10.0.40219.1
Project("{FAE04EC0-301F-11D3-BF4B-00C04F79EFBC}") = "FinalFantasySpoilerParsers", "FinalFantasySpoilerParsers.csproj", "{5D09A9C0-B5DE-433C-A036-EFC743E8C661}"
EndProject
Global
	GlobalSection(SolutionConfigurationPlatforms) = preSolution
		Debug|Any CPU = Debug|Any CPU
		Release|Any CPU = Release|Any CPU
	EndGlobalSection
	GlobalSection(ProjectConfigurationPlatforms) = postSolution
		{5D09A9C0-B5DE-433C-A036-EFC743E8C661}.Debug|Any CPU.ActiveCfg = Debug|Any CPU
		{5D09A9C0-B5DE-433C-A036-EFC743E8C661}.Debug|Any CPU.Build.0 = Debug|Any CPU
		{5D09A9C0-B5DE-433C-A036-EFC743E8C661}.Release|Any CPU.ActiveCfg = Release|Any CPU
		{5D09A9C0-B5DE-433C-A036-EFC743E8C661}.Release|Any CPU.Build.0 = Release|Any CPU
	EndGlobalSection
	GlobalSection(SolutionProperties) = preSolution
		HideSolutionNode = FALSE
	EndGlobalSection
	GlobalSection(ExtensibilityGlobals) = postSolution
		SolutionGuid = {3C3099A4-D93A-4DF4-B7FD-D948B9A6931E}
	EndGlobalSection
EndGlobal
